
Microsoft Visual Studio Solution File, Format Version 12.00
# Visual Studio Version 16
VisualStudioVersion = 16.0.29709.97
MinimumVisualStudioVersion = 10.0.40219.1
Project("{FAE04EC0-301F-11D3-BF4B-00C04F79EFBC}") = "FindPi", "FindPi\FindPi.csproj", "{B1AE30FC-CDAD-429D-8CBE-964166488803}"
EndProject
Global
	GlobalSection(SolutionConfigurationPlatforms) = preSolution
		Debug|Any CPU = Debug|Any CPU
		Release|Any CPU = Release|Any CPU
	EndGlobalSection
	GlobalSection(ProjectConfigurationPlatforms) = postSolution
		{B1AE30FC-CDAD-429D-8CBE-964166488803}.Debug|Any CPU.ActiveCfg = Debug|Any CPU
		{B1AE30FC-CDAD-429D-8CBE-964166488803}.Debug|Any CPU.Build.0 = Debug|Any CPU
		{B1AE30FC-CDAD-429D-8CBE-964166488803}.Release|Any CPU.ActiveCfg = Release|Any CPU
		{B1AE30FC-CDAD-429D-8CBE-964166488803}.Release|Any CPU.Build.0 = Release|Any CPU
	EndGlobalSection
	GlobalSection(SolutionProperties) = preSolution
		HideSolutionNode = FALSE
	EndGlobalSection
	GlobalSection(ExtensibilityGlobals) = postSolution
		SolutionGuid = {01A83002-253E-4522-9C61-AAEC90BA866C}
	EndGlobalSection
EndGlobal
